
Microsoft Visual Studio Solution File, Format Version 12.00
# Visual Studio Version 17
VisualStudioVersion = 17.14.36408.4 d17.14
MinimumVisualStudioVersion = 10.0.40219.1
Project("{8BC9CEB8-8B4A-11D0-8D11-00A0C91BC942}") = "classwork_2025-09-10", "classwork_2025-09-10.vcxproj", "{DAA66F9F-3517-4429-BA95-A284B75B65CF}"
EndProject
Global
	GlobalSection(SolutionConfigurationPlatforms) = preSolution
		Debug|x64 = Debug|x64
		Debug|x86 = Debug|x86
		Release|x64 = Release|x64
		Release|x86 = Release|x86
	EndGlobalSection
	GlobalSection(ProjectConfigurationPlatforms) = postSolution
		{DAA66F9F-3517-4429-BA95-A284B75B65CF}.Debug|x64.ActiveCfg = Debug|x64
		{DAA66F9F-3517-4429-BA95-A284B75B65CF}.Debug|x64.Build.0 = Debug|x64
		{DAA66F9F-3517-4429-BA95-A284B75B65CF}.Debug|x86.ActiveCfg = Debug|Win32
		{DAA66F9F-3517-4429-BA95-A284B75B65CF}.Debug|x86.Build.0 = Debug|Win32
		{DAA66F9F-3517-4429-BA95-A284B75B65CF}.Release|x64.ActiveCfg = Release|x64
		{DAA66F9F-3517-4429-BA95-A284B75B65CF}.Release|x64.Build.0 = Release|x64
		{DAA66F9F-3517-4429-BA95-A284B75B65CF}.Release|x86.ActiveCfg = Release|Win32
		{DAA66F9F-3517-4429-BA95-A284B75B65CF}.Release|x86.Build.0 = Release|Win32
	EndGlobalSection
	GlobalSection(SolutionProperties) = preSolution
		HideSolutionNode = FALSE
	EndGlobalSection
	GlobalSection(ExtensibilityGlobals) = postSolution
		SolutionGuid = {B30E8886-7B05-4BD0-B16A-6D6CF1F5A0DD}
	EndGlobalSection
EndGlobal
